// !$*UTF8*$!
{
	archiveVersion = 1;
	classes = {
	};
	objectVersion = 77;
	objects = {

/* Begin PBXBuildFile section */
		00BB6F4CBB92D09472C7C7E0 /* ErrorText.swift in Sources */ = {isa = PBXBuildFile; fileRef = E79B8CDFD73AC6C0F7C663C7 /* ErrorText.swift */; };
		03F3DD50F7985266986ADA1C /* Textual in Frameworks */ = {isa = PBXBuildFile; productRef = FD02697CEA7D5723A3A119BD /* Textual */; };
		0B16F2765408205AB7554F1A /* AppConfig.swift in Sources */ = {isa = PBXBuildFile; fileRef = 044069EE4D0C506D769F1321 /* AppConfig.swift */; };
		0E9B79A9C8A77EB25816CEA0 /* protocol.connect.swift in Sources */ = {isa = PBXBuildFile; fileRef = 8EB993A5C6FCC71BA1B0BC8E /* protocol.connect.swift */; };
		1AF7E5AA1EA446E74FF45490 /* Assets.xcassets in Resources */ = {isa = PBXBuildFile; fileRef = B1527160929BF525EC809E77 /* Assets.xcassets */; };
		32527E93C243AB83D8ED63ED /* SettingsViewModel.swift in Sources */ = {isa = PBXBuildFile; fileRef = 633F539062FB2D5937DD6F3D /* SettingsViewModel.swift */; };
		42CEFDE4C0A0D72A16F1FE81 /* ApprovalsStore.swift in Sources */ = {isa = PBXBuildFile; fileRef = 58EE2731E78134BC2EF5F1C7 /* ApprovalsStore.swift */; };
		59F0FCB19077CF37B3FCB107 /* ThreadEventReducerTests.swift in Sources */ = {isa = PBXBuildFile; fileRef = 9C4924E49A3097568EB77AF3 /* ThreadEventReducerTests.swift */; };
		5BE32E340B9A4FEEA93439D8 /* ChatViewModel.swift in Sources */ = {isa = PBXBuildFile; fileRef = 817111BB98CE5BFED6A4750F /* ChatViewModel.swift */; };
		5C215C6ACFAAF284B4659FD1 /* ApprovalDetailFormatting.swift in Sources */ = {isa = PBXBuildFile; fileRef = 11702ACE4071EBF9EC8A969F /* ApprovalDetailFormatting.swift */; };
		6C27C13BD63BAE6FD4D42169 /* ToolExecutionFormatting.swift in Sources */ = {isa = PBXBuildFile; fileRef = 1863A4DCEFA30A59C57498A1 /* ToolExecutionFormatting.swift */; };
		76A53B085D00679AD86B84AA /* ApprovalDetailFormattingTests.swift in Sources */ = {isa = PBXBuildFile; fileRef = EDF5D76334E9002BB5DDDA04 /* ApprovalDetailFormattingTests.swift */; };
		7EB7EC438B9862D4CE3932E1 /* PincerApp.swift in Sources */ = {isa = PBXBuildFile; fileRef = 085FB97D074C43558F99C149 /* PincerApp.swift */; };
		8EC2FB5064B179146561EC84 /* ErrorTextTests.swift in Sources */ = {isa = PBXBuildFile; fileRef = BA80E693D47FA40C0B3EE8C6 /* ErrorTextTests.swift */; };
		A2C37C3D860188BB38E3BEDF /* Connect in Frameworks */ = {isa = PBXBuildFile; productRef = 6FE2BA4F0A5FEBED804281DF /* Connect */; };
		A623331C6CBE1AB2B10A15EB /* ThreadEventReducer.swift in Sources */ = {isa = PBXBuildFile; fileRef = B58EE3713A2F77906E8E483F /* ThreadEventReducer.swift */; };
		A946EFFA9815D941DCEDAF8C /* Models.swift in Sources */ = {isa = PBXBuildFile; fileRef = C8C017076C30A916A55441D6 /* Models.swift */; };
		AA7FE540D31985864B286587 /* ApprovalsViewModel.swift in Sources */ = {isa = PBXBuildFile; fileRef = 4A607777578E8E2C3D86C035 /* ApprovalsViewModel.swift */; };
		C234C3C3E9E7513FD08A3ED9 /* AppConfigTests.swift in Sources */ = {isa = PBXBuildFile; fileRef = 96B73C04CF505D8C2BBE7FF5 /* AppConfigTests.swift */; };
		D5B487CF72898B18A3CE281D /* protocol.pb.swift in Sources */ = {isa = PBXBuildFile; fileRef = 479F750A9B489D7C47433781 /* protocol.pb.swift */; };
		F632AA762B2A724BBBA70BDA /* APIClient.swift in Sources */ = {isa = PBXBuildFile; fileRef = DC76A57DF375709D807D6E1D /* APIClient.swift */; };
		FD04907A718F1E0FEF9712B4 /* ToolExecutionFormattingTests.swift in Sources */ = {isa = PBXBuildFile; fileRef = 26E336CAEC093CAE12A177C0 /* ToolExecutionFormattingTests.swift */; };
		FFD587396FB1D0F8F33EF7DE /* ContentView.swift in Sources */ = {isa = PBXBuildFile; fileRef = 15B0AC0BC187E83771DCED94 /* ContentView.swift */; };
/* End PBXBuildFile section */

/* Begin PBXContainerItemProxy section */
		DC9412E0DBFEA7D989B30670 /* PBXContainerItemProxy */ = {
			isa = PBXContainerItemProxy;
			containerPortal = D3C29EBE9C57D1BD2ABF53BC /* Project object */;
			proxyType = 1;
			remoteGlobalIDString = D888FE0BBF4C3FEB2384B7C3;
			remoteInfo = Pincer;
		};
/* End PBXContainerItemProxy section */

/* Begin PBXFileReference section */
		044069EE4D0C506D769F1321 /* AppConfig.swift */ = {isa = PBXFileReference; lastKnownFileType = sourcecode.swift; path = AppConfig.swift; sourceTree = "<group>"; };
		085FB97D074C43558F99C149 /* PincerApp.swift */ = {isa = PBXFileReference; lastKnownFileType = sourcecode.swift; path = PincerApp.swift; sourceTree = "<group>"; };
		11702ACE4071EBF9EC8A969F /* ApprovalDetailFormatting.swift */ = {isa = PBXFileReference; lastKnownFileType = sourcecode.swift; path = ApprovalDetailFormatting.swift; sourceTree = "<group>"; };
		15B0AC0BC187E83771DCED94 /* ContentView.swift */ = {isa = PBXFileReference; lastKnownFileType = sourcecode.swift; path = ContentView.swift; sourceTree = "<group>"; };
		1863A4DCEFA30A59C57498A1 /* ToolExecutionFormatting.swift */ = {isa = PBXFileReference; lastKnownFileType = sourcecode.swift; path = ToolExecutionFormatting.swift; sourceTree = "<group>"; };
		26E336CAEC093CAE12A177C0 /* ToolExecutionFormattingTests.swift */ = {isa = PBXFileReference; lastKnownFileType = sourcecode.swift; path = ToolExecutionFormattingTests.swift; sourceTree = "<group>"; };
		479F750A9B489D7C47433781 /* protocol.pb.swift */ = {isa = PBXFileReference; lastKnownFileType = sourcecode.swift; path = protocol.pb.swift; sourceTree = "<group>"; };
		4A607777578E8E2C3D86C035 /* ApprovalsViewModel.swift */ = {isa = PBXFileReference; lastKnownFileType = sourcecode.swift; path = ApprovalsViewModel.swift; sourceTree = "<group>"; };
		58EE2731E78134BC2EF5F1C7 /* ApprovalsStore.swift */ = {isa = PBXFileReference; lastKnownFileType = sourcecode.swift; path = ApprovalsStore.swift; sourceTree = "<group>"; };
		633F539062FB2D5937DD6F3D /* SettingsViewModel.swift */ = {isa = PBXFileReference; lastKnownFileType = sourcecode.swift; path = SettingsViewModel.swift; sourceTree = "<group>"; };
		817111BB98CE5BFED6A4750F /* ChatViewModel.swift */ = {isa = PBXFileReference; lastKnownFileType = sourcecode.swift; path = ChatViewModel.swift; sourceTree = "<group>"; };
		866A1BC33E273D3C8E5626CA /* PincerTests.xctest */ = {isa = PBXFileReference; includeInIndex = 0; lastKnownFileType = wrapper.cfbundle; path = PincerTests.xctest; sourceTree = BUILT_PRODUCTS_DIR; };
		8EB993A5C6FCC71BA1B0BC8E /* protocol.connect.swift */ = {isa = PBXFileReference; lastKnownFileType = sourcecode.swift; path = protocol.connect.swift; sourceTree = "<group>"; };
		96B73C04CF505D8C2BBE7FF5 /* AppConfigTests.swift */ = {isa = PBXFileReference; lastKnownFileType = sourcecode.swift; path = AppConfigTests.swift; sourceTree = "<group>"; };
		9C4924E49A3097568EB77AF3 /* ThreadEventReducerTests.swift */ = {isa = PBXFileReference; lastKnownFileType = sourcecode.swift; path = ThreadEventReducerTests.swift; sourceTree = "<group>"; };
		B1527160929BF525EC809E77 /* Assets.xcassets */ = {isa = PBXFileReference; lastKnownFileType = folder.assetcatalog; path = Assets.xcassets; sourceTree = "<group>"; };
		B58EE3713A2F77906E8E483F /* ThreadEventReducer.swift */ = {isa = PBXFileReference; lastKnownFileType = sourcecode.swift; path = ThreadEventReducer.swift; sourceTree = "<group>"; };
		BA80E693D47FA40C0B3EE8C6 /* ErrorTextTests.swift */ = {isa = PBXFileReference; lastKnownFileType = sourcecode.swift; path = ErrorTextTests.swift; sourceTree = "<group>"; };
		C8C017076C30A916A55441D6 /* Models.swift */ = {isa = PBXFileReference; lastKnownFileType = sourcecode.swift; path = Models.swift; sourceTree = "<group>"; };
		DC76A57DF375709D807D6E1D /* APIClient.swift */ = {isa = PBXFileReference; lastKnownFileType = sourcecode.swift; path = APIClient.swift; sourceTree = "<group>"; };
		E79B8CDFD73AC6C0F7C663C7 /* ErrorText.swift */ = {isa = PBXFileReference; lastKnownFileType = sourcecode.swift; path = ErrorText.swift; sourceTree = "<group>"; };
		EDF5D76334E9002BB5DDDA04 /* ApprovalDetailFormattingTests.swift */ = {isa = PBXFileReference; lastKnownFileType = sourcecode.swift; path = ApprovalDetailFormattingTests.swift; sourceTree = "<group>"; };
		F2C5D45D4406B02D1F6C96FB /* Pincer.app */ = {isa = PBXFileReference; includeInIndex = 0; lastKnownFileType = wrapper.application; path = Pincer.app; sourceTree = BUILT_PRODUCTS_DIR; };
/* End PBXFileReference section */

/* Begin PBXFrameworksBuildPhase section */
		86F0E6FF50F6D4CF75A209A4 /* Frameworks */ = {
			isa = PBXFrameworksBuildPhase;
			buildActionMask = 2147483647;
			files = (
				A2C37C3D860188BB38E3BEDF /* Connect in Frameworks */,
				03F3DD50F7985266986ADA1C /* Textual in Frameworks */,
			);
			runOnlyForDeploymentPostprocessing = 0;
		};
/* End PBXFrameworksBuildPhase section */

/* Begin PBXGroup section */
		1528098CE04E1D96222E286A /* pincer */ = {
			isa = PBXGroup;
			children = (
				F3431DD2492119D3AD2D2812 /* protocol */,
			);
			path = pincer;
			sourceTree = "<group>";
		};
		23794DF056CFF98161268D7D /* v1 */ = {
			isa = PBXGroup;
			children = (
				8EB993A5C6FCC71BA1B0BC8E /* protocol.connect.swift */,
				479F750A9B489D7C47433781 /* protocol.pb.swift */,
			);
			path = v1;
			sourceTree = "<group>";
		};
		51E340CFE737E645F634E0C7 /* Generated */ = {
			isa = PBXGroup;
			children = (
				58EFF956A4E439E027507449 /* proto */,
			);
			path = Generated;
			sourceTree = "<group>";
		};
		58EFF956A4E439E027507449 /* proto */ = {
			isa = PBXGroup;
			children = (
				1528098CE04E1D96222E286A /* pincer */,
			);
			path = proto;
			sourceTree = "<group>";
		};
		A094CE94BDD23A7677E9420D /* PincerTests */ = {
			isa = PBXGroup;
			children = (
				96B73C04CF505D8C2BBE7FF5 /* AppConfigTests.swift */,
				EDF5D76334E9002BB5DDDA04 /* ApprovalDetailFormattingTests.swift */,
				BA80E693D47FA40C0B3EE8C6 /* ErrorTextTests.swift */,
				9C4924E49A3097568EB77AF3 /* ThreadEventReducerTests.swift */,
				26E336CAEC093CAE12A177C0 /* ToolExecutionFormattingTests.swift */,
			);
			name = PincerTests;
			path = ../PincerTests;
			sourceTree = "<group>";
		};
		B00F4ED3B6ADE66243015B94 /* Pincer */ = {
			isa = PBXGroup;
			children = (
				DC76A57DF375709D807D6E1D /* APIClient.swift */,
				044069EE4D0C506D769F1321 /* AppConfig.swift */,
				11702ACE4071EBF9EC8A969F /* ApprovalDetailFormatting.swift */,
				58EE2731E78134BC2EF5F1C7 /* ApprovalsStore.swift */,
				4A607777578E8E2C3D86C035 /* ApprovalsViewModel.swift */,
				817111BB98CE5BFED6A4750F /* ChatViewModel.swift */,
				15B0AC0BC187E83771DCED94 /* ContentView.swift */,
				E79B8CDFD73AC6C0F7C663C7 /* ErrorText.swift */,
				C8C017076C30A916A55441D6 /* Models.swift */,
				085FB97D074C43558F99C149 /* PincerApp.swift */,
				633F539062FB2D5937DD6F3D /* SettingsViewModel.swift */,
				B58EE3713A2F77906E8E483F /* ThreadEventReducer.swift */,
				1863A4DCEFA30A59C57498A1 /* ToolExecutionFormatting.swift */,
			);
			name = Pincer;
			path = .;
			sourceTree = "<group>";
		};
		CC36E985119AA151F56AC2C6 /* Products */ = {
			isa = PBXGroup;
			children = (
				F2C5D45D4406B02D1F6C96FB /* Pincer.app */,
				866A1BC33E273D3C8E5626CA /* PincerTests.xctest */,
			);
			name = Products;
			sourceTree = "<group>";
		};
		D60C2C56A8B925796D936D33 = {
			isa = PBXGroup;
			children = (
				B1527160929BF525EC809E77 /* Assets.xcassets */,
				51E340CFE737E645F634E0C7 /* Generated */,
				B00F4ED3B6ADE66243015B94 /* Pincer */,
				A094CE94BDD23A7677E9420D /* PincerTests */,
				CC36E985119AA151F56AC2C6 /* Products */,
			);
			sourceTree = "<group>";
		};
		F3431DD2492119D3AD2D2812 /* protocol */ = {
			isa = PBXGroup;
			children = (
				23794DF056CFF98161268D7D /* v1 */,
			);
			path = protocol;
			sourceTree = "<group>";
		};
/* End PBXGroup section */

/* Begin PBXNativeTarget section */
		47B95F2504CB5931389E3FB5 /* PincerTests */ = {
			isa = PBXNativeTarget;
			buildConfigurationList = BCE423F9585C39554C99C6DB /* Build configuration list for PBXNativeTarget "PincerTests" */;
			buildPhases = (
				D4AFC9AD67806CB1B215AA48 /* Sources */,
			);
			buildRules = (
			);
			dependencies = (
				91C3E9CEFE2964D99AFF070D /* PBXTargetDependency */,
			);
			name = PincerTests;
			packageProductDependencies = (
			);
			productName = PincerTests;
			productReference = 866A1BC33E273D3C8E5626CA /* PincerTests.xctest */;
			productType = "com.apple.product-type.bundle.unit-test";
		};
		D888FE0BBF4C3FEB2384B7C3 /* Pincer */ = {
			isa = PBXNativeTarget;
			buildConfigurationList = A1110FADA13073837374BDA7 /* Build configuration list for PBXNativeTarget "Pincer" */;
			buildPhases = (
				BC1C3D505CAF22A14198659E /* Sources */,
				BD0C11F561315F418909F663 /* Resources */,
				86F0E6FF50F6D4CF75A209A4 /* Frameworks */,
			);
			buildRules = (
			);
			dependencies = (
			);
			name = Pincer;
			packageProductDependencies = (
				6FE2BA4F0A5FEBED804281DF /* Connect */,
				FD02697CEA7D5723A3A119BD /* Textual */,
			);
			productName = Pincer;
			productReference = F2C5D45D4406B02D1F6C96FB /* Pincer.app */;
			productType = "com.apple.product-type.application";
		};
/* End PBXNativeTarget section */

/* Begin PBXProject section */
		D3C29EBE9C57D1BD2ABF53BC /* Project object */ = {
			isa = PBXProject;
			attributes = {
				BuildIndependentTargetsInParallel = YES;
				LastUpgradeCheck = 1430;
			};
			buildConfigurationList = A30B06684AC509B348A156EA /* Build configuration list for PBXProject "Pincer" */;
			compatibilityVersion = "Xcode 14.0";
			developmentRegion = en;
			hasScannedForEncodings = 0;
			knownRegions = (
				Base,
				en,
			);
			mainGroup = D60C2C56A8B925796D936D33;
			minimizedProjectReferenceProxies = 1;
			packageReferences = (
				E5774C441A981FEAA943D03D /* XCRemoteSwiftPackageReference "connect-swift" */,
				4D79293C7A3B87AAD9D1A337 /* XCRemoteSwiftPackageReference "textual" */,
			);
			preferredProjectObjectVersion = 77;
			projectDirPath = "";
			projectRoot = "";
			targets = (
				D888FE0BBF4C3FEB2384B7C3 /* Pincer */,
				47B95F2504CB5931389E3FB5 /* PincerTests */,
			);
		};
/* End PBXProject section */

/* Begin PBXResourcesBuildPhase section */
		BD0C11F561315F418909F663 /* Resources */ = {
			isa = PBXResourcesBuildPhase;
			buildActionMask = 2147483647;
			files = (
				1AF7E5AA1EA446E74FF45490 /* Assets.xcassets in Resources */,
			);
			runOnlyForDeploymentPostprocessing = 0;
		};
/* End PBXResourcesBuildPhase section */

/* Begin PBXSourcesBuildPhase section */
		BC1C3D505CAF22A14198659E /* Sources */ = {
			isa = PBXSourcesBuildPhase;
			buildActionMask = 2147483647;
			files = (
				F632AA762B2A724BBBA70BDA /* APIClient.swift in Sources */,
				0B16F2765408205AB7554F1A /* AppConfig.swift in Sources */,
				5C215C6ACFAAF284B4659FD1 /* ApprovalDetailFormatting.swift in Sources */,
				42CEFDE4C0A0D72A16F1FE81 /* ApprovalsStore.swift in Sources */,
				AA7FE540D31985864B286587 /* ApprovalsViewModel.swift in Sources */,
				5BE32E340B9A4FEEA93439D8 /* ChatViewModel.swift in Sources */,
				FFD587396FB1D0F8F33EF7DE /* ContentView.swift in Sources */,
				00BB6F4CBB92D09472C7C7E0 /* ErrorText.swift in Sources */,
				A946EFFA9815D941DCEDAF8C /* Models.swift in Sources */,
				7EB7EC438B9862D4CE3932E1 /* PincerApp.swift in Sources */,
				32527E93C243AB83D8ED63ED /* SettingsViewModel.swift in Sources */,
				A623331C6CBE1AB2B10A15EB /* ThreadEventReducer.swift in Sources */,
				6C27C13BD63BAE6FD4D42169 /* ToolExecutionFormatting.swift in Sources */,
				0E9B79A9C8A77EB25816CEA0 /* protocol.connect.swift in Sources */,
				D5B487CF72898B18A3CE281D /* protocol.pb.swift in Sources */,
			);
			runOnlyForDeploymentPostprocessing = 0;
		};
		D4AFC9AD67806CB1B215AA48 /* Sources */ = {
			isa = PBXSourcesBuildPhase;
			buildActionMask = 2147483647;
			files = (
				C234C3C3E9E7513FD08A3ED9 /* AppConfigTests.swift in Sources */,
				76A53B085D00679AD86B84AA /* ApprovalDetailFormattingTests.swift in Sources */,
				8EC2FB5064B179146561EC84 /* ErrorTextTests.swift in Sources */,
				59F0FCB19077CF37B3FCB107 /* ThreadEventReducerTests.swift in Sources */,
				FD04907A718F1E0FEF9712B4 /* ToolExecutionFormattingTests.swift in Sources */,
			);
			runOnlyForDeploymentPostprocessing = 0;
		};
/* End PBXSourcesBuildPhase section */

/* Begin PBXTargetDependency section */
		91C3E9CEFE2964D99AFF070D /* PBXTargetDependency */ = {
			isa = PBXTargetDependency;
			target = D888FE0BBF4C3FEB2384B7C3 /* Pincer */;
			targetProxy = DC9412E0DBFEA7D989B30670 /* PBXContainerItemProxy */;
		};
/* End PBXTargetDependency section */

/* Begin XCBuildConfiguration section */
		19C13AF8E8F8C0AEB246C1CB /* Debug */ = {
			isa = XCBuildConfiguration;
			buildSettings = {
				ALWAYS_SEARCH_USER_PATHS = NO;
				CLANG_ANALYZER_NONNULL = YES;
				CLANG_ANALYZER_NUMBER_OBJECT_CONVERSION = YES_AGGRESSIVE;
				CLANG_CXX_LANGUAGE_STANDARD = "gnu++14";
				CLANG_CXX_LIBRARY = "libc++";
				CLANG_ENABLE_MODULES = YES;
				CLANG_ENABLE_OBJC_ARC = YES;
				CLANG_ENABLE_OBJC_WEAK = YES;
				CLANG_WARN_BLOCK_CAPTURE_AUTORELEASING = YES;
				CLANG_WARN_BOOL_CONVERSION = YES;
				CLANG_WARN_COMMA = YES;
				CLANG_WARN_CONSTANT_CONVERSION = YES;
				CLANG_WARN_DEPRECATED_OBJC_IMPLEMENTATIONS = YES;
				CLANG_WARN_DIRECT_OBJC_ISA_USAGE = YES_ERROR;
				CLANG_WARN_DOCUMENTATION_COMMENTS = YES;
				CLANG_WARN_EMPTY_BODY = YES;
				CLANG_WARN_ENUM_CONVERSION = YES;
				CLANG_WARN_INFINITE_RECURSION = YES;
				CLANG_WARN_INT_CONVERSION = YES;
				CLANG_WARN_NON_LITERAL_NULL_CONVERSION = YES;
				CLANG_WARN_OBJC_IMPLICIT_RETAIN_SELF = YES;
				CLANG_WARN_OBJC_LITERAL_CONVERSION = YES;
				CLANG_WARN_OBJC_ROOT_CLASS = YES_ERROR;
				CLANG_WARN_QUOTED_INCLUDE_IN_FRAMEWORK_HEADER = YES;
				CLANG_WARN_RANGE_LOOP_ANALYSIS = YES;
				CLANG_WARN_STRICT_PROTOTYPES = YES;
				CLANG_WARN_SUSPICIOUS_MOVE = YES;
				CLANG_WARN_UNGUARDED_AVAILABILITY = YES_AGGRESSIVE;
				CLANG_WARN_UNREACHABLE_CODE = YES;
				CLANG_WARN__DUPLICATE_METHOD_MATCH = YES;
				COPY_PHASE_STRIP = NO;
				DEBUG_INFORMATION_FORMAT = dwarf;
				ENABLE_STRICT_OBJC_MSGSEND = YES;
				ENABLE_TESTABILITY = YES;
				GCC_C_LANGUAGE_STANDARD = gnu11;
				GCC_DYNAMIC_NO_PIC = NO;
				GCC_NO_COMMON_BLOCKS = YES;
				GCC_OPTIMIZATION_LEVEL = 0;
				GCC_PREPROCESSOR_DEFINITIONS = (
					"$(inherited)",
					"DEBUG=1",
				);
				GCC_WARN_64_TO_32_BIT_CONVERSION = YES;
				GCC_WARN_ABOUT_RETURN_TYPE = YES_ERROR;
				GCC_WARN_UNDECLARED_SELECTOR = YES;
				GCC_WARN_UNINITIALIZED_AUTOS = YES_AGGRESSIVE;
				GCC_WARN_UNUSED_FUNCTION = YES;
				GCC_WARN_UNUSED_VARIABLE = YES;
				MTL_ENABLE_DEBUG_INFO = INCLUDE_SOURCE;
				MTL_FAST_MATH = YES;
				ONLY_ACTIVE_ARCH = YES;
				PRODUCT_NAME = "$(TARGET_NAME)";
				SDKROOT = iphoneos;
				SWIFT_ACTIVE_COMPILATION_CONDITIONS = DEBUG;
				SWIFT_OPTIMIZATION_LEVEL = "-Onone";
				SWIFT_VERSION = 5.1;
			};
			name = Debug;
		};
		4AAD7D83279B39CDFC82622A /* Release */ = {
			isa = XCBuildConfiguration;
			buildSettings = {
				BUNDLE_LOADER = "$(TEST_HOST)";
				GENERATE_INFOPLIST_FILE = YES;
				IPHONEOS_DEPLOYMENT_TARGET = 26.0;
				LD_RUNPATH_SEARCH_PATHS = (
					"$(inherited)",
					"@executable_path/Frameworks",
					"@loader_path/Frameworks",
				);
				SDKROOT = iphoneos;
				TARGETED_DEVICE_FAMILY = "1,2";
				TEST_HOST = "$(BUILT_PRODUCTS_DIR)/Pincer.app/Pincer";
			};
			name = Release;
		};
		56F89E1A971881636759BC8D /* Release */ = {
			isa = XCBuildConfiguration;
			buildSettings = {
				ALWAYS_SEARCH_USER_PATHS = NO;
				CLANG_ANALYZER_NONNULL = YES;
				CLANG_ANALYZER_NUMBER_OBJECT_CONVERSION = YES_AGGRESSIVE;
				CLANG_CXX_LANGUAGE_STANDARD = "gnu++14";
				CLANG_CXX_LIBRARY = "libc++";
				CLANG_ENABLE_MODULES = YES;
				CLANG_ENABLE_OBJC_ARC = YES;
				CLANG_ENABLE_OBJC_WEAK = YES;
				CLANG_WARN_BLOCK_CAPTURE_AUTORELEASING = YES;
				CLANG_WARN_BOOL_CONVERSION = YES;
				CLANG_WARN_COMMA = YES;
				CLANG_WARN_CONSTANT_CONVERSION = YES;
				CLANG_WARN_DEPRECATED_OBJC_IMPLEMENTATIONS = YES;
				CLANG_WARN_DIRECT_OBJC_ISA_USAGE = YES_ERROR;
				CLANG_WARN_DOCUMENTATION_COMMENTS = YES;
				CLANG_WARN_EMPTY_BODY = YES;
				CLANG_WARN_ENUM_CONVERSION = YES;
				CLANG_WARN_INFINITE_RECURSION = YES;
				CLANG_WARN_INT_CONVERSION = YES;
				CLANG_WARN_NON_LITERAL_NULL_CONVERSION = YES;
				CLANG_WARN_OBJC_IMPLICIT_RETAIN_SELF = YES;
				CLANG_WARN_OBJC_LITERAL_CONVERSION = YES;
				CLANG_WARN_OBJC_ROOT_CLASS = YES_ERROR;
				CLANG_WARN_QUOTED_INCLUDE_IN_FRAMEWORK_HEADER = YES;
				CLANG_WARN_RANGE_LOOP_ANALYSIS = YES;
				CLANG_WARN_STRICT_PROTOTYPES = YES;
				CLANG_WARN_SUSPICIOUS_MOVE = YES;
				CLANG_WARN_UNGUARDED_AVAILABILITY = YES_AGGRESSIVE;
				CLANG_WARN_UNREACHABLE_CODE = YES;
				CLANG_WARN__DUPLICATE_METHOD_MATCH = YES;
				COPY_PHASE_STRIP = NO;
				DEBUG_INFORMATION_FORMAT = "dwarf-with-dsym";
				ENABLE_NS_ASSERTIONS = NO;
				ENABLE_STRICT_OBJC_MSGSEND = YES;
				GCC_C_LANGUAGE_STANDARD = gnu11;
				GCC_NO_COMMON_BLOCKS = YES;
				GCC_WARN_64_TO_32_BIT_CONVERSION = YES;
				GCC_WARN_ABOUT_RETURN_TYPE = YES_ERROR;
				GCC_WARN_UNDECLARED_SELECTOR = YES;
				GCC_WARN_UNINITIALIZED_AUTOS = YES_AGGRESSIVE;
				GCC_WARN_UNUSED_FUNCTION = YES;
				GCC_WARN_UNUSED_VARIABLE = YES;
				MTL_ENABLE_DEBUG_INFO = NO;
				MTL_FAST_MATH = YES;
				PRODUCT_NAME = "$(TARGET_NAME)";
				SDKROOT = iphoneos;
				SWIFT_COMPILATION_MODE = wholemodule;
				SWIFT_OPTIMIZATION_LEVEL = "-O";
				SWIFT_VERSION = 5.1;
			};
			name = Release;
		};
		70D213FADB2AD86015E8E089 /* Debug */ = {
			isa = XCBuildConfiguration;
			buildSettings = {
				BUNDLE_LOADER = "$(TEST_HOST)";
				GENERATE_INFOPLIST_FILE = YES;
				IPHONEOS_DEPLOYMENT_TARGET = 26.0;
				LD_RUNPATH_SEARCH_PATHS = (
					"$(inherited)",
					"@executable_path/Frameworks",
					"@loader_path/Frameworks",
				);
				SDKROOT = iphoneos;
				TARGETED_DEVICE_FAMILY = "1,2";
				TEST_HOST = "$(BUILT_PRODUCTS_DIR)/Pincer.app/Pincer";
			};
			name = Debug;
		};
		92ED19EFE74F45F5E638BFAA /* Release */ = {
			isa = XCBuildConfiguration;
			buildSettings = {
				ASSETCATALOG_COMPILER_APPICON_NAME = AppIcon;
				CODE_SIGN_IDENTITY = "iPhone Developer";
				CURRENT_PROJECT_VERSION = 1;
				GENERATE_INFOPLIST_FILE = YES;
				INFOPLIST_KEY_CFBundleDisplayName = Pincer;
				INFOPLIST_KEY_UIApplicationSupportsIndirectInputEvents = YES;
				INFOPLIST_KEY_UILaunchScreen_Generation = YES;
				IPHONEOS_DEPLOYMENT_TARGET = 26.0;
				LD_RUNPATH_SEARCH_PATHS = (
					"$(inherited)",
					"@executable_path/Frameworks",
				);
				MARKETING_VERSION = 0.1.0;
				PRODUCT_BUNDLE_IDENTIFIER = com.lox.pincer;
				PRODUCT_NAME = Pincer;
				SDKROOT = iphoneos;
				TARGETED_DEVICE_FAMILY = "1,2";
			};
			name = Release;
		};
		EEEDE66BBC733BFAFB88CAB0 /* Debug */ = {
			isa = XCBuildConfiguration;
			buildSettings = {
				ASSETCATALOG_COMPILER_APPICON_NAME = AppIcon;
				CODE_SIGN_IDENTITY = "iPhone Developer";
				CURRENT_PROJECT_VERSION = 1;
				GENERATE_INFOPLIST_FILE = YES;
				INFOPLIST_KEY_CFBundleDisplayName = Pincer;
				INFOPLIST_KEY_UIApplicationSupportsIndirectInputEvents = YES;
				INFOPLIST_KEY_UILaunchScreen_Generation = YES;
				IPHONEOS_DEPLOYMENT_TARGET = 26.0;
				LD_RUNPATH_SEARCH_PATHS = (
					"$(inherited)",
					"@executable_path/Frameworks",
				);
				MARKETING_VERSION = 0.1.0;
				PRODUCT_BUNDLE_IDENTIFIER = com.lox.pincer;
				PRODUCT_NAME = Pincer;
				SDKROOT = iphoneos;
				TARGETED_DEVICE_FAMILY = "1,2";
			};
			name = Debug;
		};
/* End XCBuildConfiguration section */

/* Begin XCConfigurationList section */
		A1110FADA13073837374BDA7 /* Build configuration list for PBXNativeTarget "Pincer" */ = {
			isa = XCConfigurationList;
			buildConfigurations = (
				EEEDE66BBC733BFAFB88CAB0 /* Debug */,
				92ED19EFE74F45F5E638BFAA /* Release */,
			);
			defaultConfigurationIsVisible = 0;
			defaultConfigurationName = Debug;
		};
		A30B06684AC509B348A156EA /* Build configuration list for PBXProject "Pincer" */ = {
			isa = XCConfigurationList;
			buildConfigurations = (
				19C13AF8E8F8C0AEB246C1CB /* Debug */,
				56F89E1A971881636759BC8D /* Release */,
			);
			defaultConfigurationIsVisible = 0;
			defaultConfigurationName = Debug;
		};
		BCE423F9585C39554C99C6DB /* Build configuration list for PBXNativeTarget "PincerTests" */ = {
			isa = XCConfigurationList;
			buildConfigurations = (
				70D213FADB2AD86015E8E089 /* Debug */,
				4AAD7D83279B39CDFC82622A /* Release */,
			);
			defaultConfigurationIsVisible = 0;
			defaultConfigurationName = Debug;
		};
/* End XCConfigurationList section */

/* Begin XCRemoteSwiftPackageReference section */
		4D79293C7A3B87AAD9D1A337 /* XCRemoteSwiftPackageReference "textual" */ = {
			isa = XCRemoteSwiftPackageReference;
			repositoryURL = "https://github.com/gonzalezreal/textual.git";
			requirement = {
				kind = upToNextMajorVersion;
				minimumVersion = 0.3.1;
			};
		};
		E5774C441A981FEAA943D03D /* XCRemoteSwiftPackageReference "connect-swift" */ = {
			isa = XCRemoteSwiftPackageReference;
			repositoryURL = "https://github.com/connectrpc/connect-swift.git";
			requirement = {
				kind = upToNextMajorVersion;
				minimumVersion = 1.2.0;
			};
		};
/* End XCRemoteSwiftPackageReference section */

/* Begin XCSwiftPackageProductDependency section */
		6FE2BA4F0A5FEBED804281DF /* Connect */ = {
			isa = XCSwiftPackageProductDependency;
			package = E5774C441A981FEAA943D03D /* XCRemoteSwiftPackageReference "connect-swift" */;
			productName = Connect;
		};
		FD02697CEA7D5723A3A119BD /* Textual */ = {
			isa = XCSwiftPackageProductDependency;
			package = 4D79293C7A3B87AAD9D1A337 /* XCRemoteSwiftPackageReference "textual" */;
			productName = Textual;
		};
/* End XCSwiftPackageProductDependency section */
	};
	rootObject = D3C29EBE9C57D1BD2ABF53BC /* Project object */;
}
